<?xml version="1.0" encoding="utf-8"?>
<Project ToolsVersion="4.0" xmlns="http://schemas.microsoft.com/developer/msbuild/2003">
  <ItemGroup>
    <Filter Include="Source Files">
      <UniqueIdentifier>{4FC737F1-C7A5-4376-A066-2A32D752A2FF}</UniqueIdentifier>
      <Extensions>cpp;c;cc;cxx;def;odl;idl;hpj;bat;asm;asmx</Extensions>
    </Filter>
    <Filter Include="Header Files">
      <UniqueIdentifier>{93995380-89BD-4b04-88EB-625FBE52EBFB}</UniqueIdentifier>
      <Extensions>h;hpp;hxx;hm;inl;inc;xsd</Extensions>
    </Filter>
    <Filter Include="Resource Files">
      <UniqueIdentifier>{67DA6AB6-F800-4c08-8B7A-83BB121AAD01}</UniqueIdentifier>
      <Extensions>rc;ico;cur;bmp;dlg;rc2;rct;bin;rgs;gif;jpg;jpeg;jpe;resx;tiff;tif;png;wav;mfcribbon-ms</Extensions>
    </Filter>
  </ItemGroup>
  <ItemGroup>
    <ClInclude Include="..\metakit\src\borc.h">
      <Filter>Header Files</Filter>
    </ClInclude>
    <ClInclude Include="..\metakit\src\column.h">
      <Filter>Header Files</Filter>
    </ClInclude>
    <ClInclude Include="..\metakit\src\custom.h">
      <Filter>Header Files</Filter>
    </ClInclude>
    <ClInclude Include="..\metakit\src\derived.h">
      <Filter>Header Files</Filter>
    </ClInclude>
    <ClInclude Include="..\metakit\src\doxy.h">
      <Filter>Header Files</Filter>
    </ClInclude>
    <ClInclude Include="..\metakit\src\field.h">
      <Filter>Header Files</Filter>
    </ClInclude>
    <ClInclude Include="..\metakit\src\format.h">
      <Filter>Header Files</Filter>
    </ClInclude>
    <ClInclude Include="..\metakit\src\gnuc.h">
      <Filter>Header Files</Filter>
    </ClInclude>
    <ClInclude Include="..\metakit\src\handler.h">
      <Filter>Header Files</Filter>
    </ClInclude>
    <ClInclude Include="..\metakit\src\header.h">
      <Filter>Header Files</Filter>
    </ClInclude>
    <ClInclude Include="..\metakit\src\mfc.h">
      <Filter>Header Files</Filter>
    </ClInclude>
    <ClInclude Include="..\metakit\src\msvc.h">
      <Filter>Header Files</Filter>
    </ClInclude>
    <ClInclude Include="..\metakit\src\mwcw.h">
      <Filter>Header Files</Filter>
    </ClInclude>
    <ClInclude Include="..\metakit\src\persist.h">
      <Filter>Header Files</Filter>
    </ClInclude>
    <ClInclude Include="..\metakit\src\remap.h">
      <Filter>Header Files</Filter>
    </ClInclude>
    <ClInclude Include="..\metakit\src\std.h">
      <Filter>Header Files</Filter>
    </ClInclude>
    <ClInclude Include="..\metakit\src\store.h">
      <Filter>Header Files</Filter>
    </ClInclude>
    <ClInclude Include="..\metakit\src\univ.h">
      <Filter>Header Files</Filter>
    </ClInclude>
    <ClInclude Include="..\metakit\src\win.h">
      <Filter>Header Files</Filter>
    </ClInclude>
  </ItemGroup>
  <ItemGroup>
    <ClCompile Include="..\metakit\src\column.cpp">
      <Filter>Source Files</Filter>
    </ClCompile>
    <ClCompile Include="..\metakit\src\custom.cpp">
      <Filter>Source Files</Filter>
    </ClCompile>
    <ClCompile Include="..\metakit\src\derived.cpp">
      <Filter>Source Files</Filter>
    </ClCompile>
    <ClCompile Include="..\metakit\src\field.cpp">
      <Filter>Source Files</Filter>
    </ClCompile>
    <ClCompile Include="..\metakit\src\fileio.cpp">
      <Filter>Source Files</Filter>
    </ClCompile>
    <ClCompile Include="..\metakit\src\format.cpp">
      <Filter>Source Files</Filter>
    </ClCompile>
    <ClCompile Include="..\metakit\src\handler.cpp">
      <Filter>Source Files</Filter>
    </ClCompile>
    <ClCompile Include="..\metakit\src\persist.cpp">
      <Filter>Source Files</Filter>
    </ClCompile>
    <ClCompile Include="..\metakit\src\remap.cpp">
      <Filter>Source Files</Filter>
    </ClCompile>
    <ClCompile Include="..\metakit\src\std.cpp">
      <Filter>Source Files</Filter>
    </ClCompile>
    <ClCompile Include="..\metakit\src\store.cpp">
      <Filter>Source Files</Filter>
    </ClCompile>
    <ClCompile Include="..\metakit\src\string.cpp">
      <Filter>Source Files</Filter>
    </ClCompile>
    <ClCompile Include="..\metakit\src\table.cpp">
      <Filter>Source Files</Filter>
    </ClCompile>
    <ClCompile Include="..\metakit\src\univ.cpp">
      <Filter>Source Files</Filter>
    </ClCompile>
    <ClCompile Include="..\metakit\src\view.cpp">
      <Filter>Source Files</Filter>
    </ClCompile>
    <ClCompile Include="..\metakit\src\viewx.cpp">
      <Filter>Source Files</Filter>
    </ClCompile>
  </ItemGroup>
  <ItemGroup>
    <None Include="..\metakit\src\column.inl">
      <Filter>Header Files</Filter>
    </None>
    <None Include="..\metakit\src\field.inl">
      <Filter>Header Files</Filter>
    </None>
    <None Include="..\metakit\src\handler.inl">
      <Filter>Header Files</Filter>
    </None>
    <None Include="..\metakit\src\store.inl">
      <Filter>Header Files</Filter>
    </None>
    <None Include="..\metakit\src\univ.inl">
      <Filter>Header Files</Filter>
    </None>
  </ItemGroup>
</Project>